<?xml version="1.0" encoding="utf-8"?>
<Project ToolsVersion="4.0" xmlns="http://schemas.microsoft.com/developer/msbuild/2003">
  <ItemGroup>
    <Natvis Include="tl.natvis" />
  </ItemGroup>
  <ItemGroup>
    <ClCompile Include="src\tests.cpp" />
    <ClCompile Include="src\tests\common.cpp" />
    <ClCompile Include="src\tests\compiler.cpp" />
    <ClCompile Include="src\tests\definitions.cpp" />
    <ClCompile Include="src\tests\list.cpp" />
    <ClCompile Include="src\tests\math.cpp" />
    <ClCompile Include="src\tests\stream.cpp" />
    <ClCompile Include="src\tests\string.cpp" />
    <ClCompile Include="src\tests\allocation.cpp" />
    <ClCompile Include="src\tests\file.cpp" />
  </ItemGroup>
</Project>