<?xml version="1.0" encoding="utf-8"?>
<Project ToolsVersion="4.0" xmlns="http://schemas.microsoft.com/developer/msbuild/2003">
  <ItemGroup>
    <Natvis Include="tl.natvis" />
  </ItemGroup>
  <ItemGroup>
    <ClCompile Include="src\tests.cpp" />
    <ClCompile Include="src\tests\common.cpp" />
    <ClCompile Include="src\tests\compiler.cpp" />
    <ClCompile Include="src\tests\definitions.cpp" />
    <ClCompile Include="src\tests\math.cpp" />
    <ClCompile Include="src\tests\stream.cpp" />
    <ClCompile Include="src\tests\string.cpp" />
    <ClCompile Include="src\tests\allocation.cpp" />
    <ClCompile Include="src\tests\file.cpp" />
    <ClCompile Include="src\tests\function.cpp" />
    <ClCompile Include="src\tests\coroutine.cpp" />
    <ClCompile Include="src\tests\utf8.cpp" />
    <ClCompile Include="src\tests\fly_string.cpp" />
    <ClCompile Include="src\tests\array.cpp" />
    <ClCompile Include="src\tests\simd.cpp" />
    <ClCompile Include="src\tests\sorted_list.cpp" />
    <ClCompile Include="src\tests\thread_pool.cpp" />
    <ClCompile Include="src\tests\c_tokenizer.cpp" />
  </ItemGroup>
  <ItemGroup>
    <ClInclude Include="src\compile_speed_test.h" />
    <ClInclude Include="include\tl\c_tokenizer.h" />
  </ItemGroup>
  <ItemGroup>
    <None Include="src\tests\coroutine.asm" />
    <None Include="packages.config" />
  </ItemGroup>
</Project>